
Microsoft Visual Studio Solution File, Format Version 12.00
# Visual Studio Version 16
VisualStudioVersion = 16.0.31911.196
MinimumVisualStudioVersion = 10.0.40219.1
Project("{9A19103F-16F7-4668-BE54-9A1E7A4F7556}") = "Lab4Exponents", "Lab4Exponents\Lab4Exponents.csproj", "{1BF839B2-5BC1-437B-AED0-1DCEE068371D}"
EndProject
Project("{9A19103F-16F7-4668-BE54-9A1E7A4F7556}") = "Lab5FactorialCalculator", "Lab5FactorialCalculator\Lab5FactorialCalculator.csproj", "{842217DF-268B-4951-A9BC-EAFC0D4376F2}"
EndProject
Project("{9A19103F-16F7-4668-BE54-9A1E7A4F7556}") = "Lab5FactorialCalculator.Tests", "Lab5FactorialCalculator.Tests\Lab5FactorialCalculator.Tests.csproj", "{9D6215FA-E59E-4517-818E-A5EC8ABAF343}"
EndProject
Project("{9A19103F-16F7-4668-BE54-9A1E7A4F7556}") = "Lab6CasinoDiceRoller", "Lab6CasinoDiceRoller\Lab6CasinoDiceRoller.csproj", "{1063A272-58CE-45AF-BFB1-F0D8E464A8E5}"
EndProject
Project("{FAE04EC0-301F-11D3-BF4B-00C04F79EFBC}") = "Lab13RockPaperScissors", "Lab13RockPaperScissors\Lab13RockPaperScissors.csproj", "{4D9C7402-78F6-44E2-9826-9A5F7BE276DB}"
EndProject
Global
	GlobalSection(SolutionConfigurationPlatforms) = preSolution
		Debug|Any CPU = Debug|Any CPU
		Release|Any CPU = Release|Any CPU
	EndGlobalSection
	GlobalSection(ProjectConfigurationPlatforms) = postSolution
		{1BF839B2-5BC1-437B-AED0-1DCEE068371D}.Debug|Any CPU.ActiveCfg = Debug|Any CPU
		{1BF839B2-5BC1-437B-AED0-1DCEE068371D}.Debug|Any CPU.Build.0 = Debug|Any CPU
		{1BF839B2-5BC1-437B-AED0-1DCEE068371D}.Release|Any CPU.ActiveCfg = Release|Any CPU
		{1BF839B2-5BC1-437B-AED0-1DCEE068371D}.Release|Any CPU.Build.0 = Release|Any CPU
		{842217DF-268B-4951-A9BC-EAFC0D4376F2}.Debug|Any CPU.ActiveCfg = Debug|Any CPU
		{842217DF-268B-4951-A9BC-EAFC0D4376F2}.Debug|Any CPU.Build.0 = Debug|Any CPU
		{842217DF-268B-4951-A9BC-EAFC0D4376F2}.Release|Any CPU.ActiveCfg = Release|Any CPU
		{842217DF-268B-4951-A9BC-EAFC0D4376F2}.Release|Any CPU.Build.0 = Release|Any CPU
		{9D6215FA-E59E-4517-818E-A5EC8ABAF343}.Debug|Any CPU.ActiveCfg = Debug|Any CPU
		{9D6215FA-E59E-4517-818E-A5EC8ABAF343}.Debug|Any CPU.Build.0 = Debug|Any CPU
		{9D6215FA-E59E-4517-818E-A5EC8ABAF343}.Release|Any CPU.ActiveCfg = Release|Any CPU
		{9D6215FA-E59E-4517-818E-A5EC8ABAF343}.Release|Any CPU.Build.0 = Release|Any CPU
		{1063A272-58CE-45AF-BFB1-F0D8E464A8E5}.Debug|Any CPU.ActiveCfg = Debug|Any CPU
		{1063A272-58CE-45AF-BFB1-F0D8E464A8E5}.Debug|Any CPU.Build.0 = Debug|Any CPU
		{1063A272-58CE-45AF-BFB1-F0D8E464A8E5}.Release|Any CPU.ActiveCfg = Release|Any CPU
		{1063A272-58CE-45AF-BFB1-F0D8E464A8E5}.Release|Any CPU.Build.0 = Release|Any CPU
		{4D9C7402-78F6-44E2-9826-9A5F7BE276DB}.Debug|Any CPU.ActiveCfg = Debug|Any CPU
		{4D9C7402-78F6-44E2-9826-9A5F7BE276DB}.Debug|Any CPU.Build.0 = Debug|Any CPU
		{4D9C7402-78F6-44E2-9826-9A5F7BE276DB}.Release|Any CPU.ActiveCfg = Release|Any CPU
		{4D9C7402-78F6-44E2-9826-9A5F7BE276DB}.Release|Any CPU.Build.0 = Release|Any CPU
	EndGlobalSection
	GlobalSection(SolutionProperties) = preSolution
		HideSolutionNode = FALSE
	EndGlobalSection
	GlobalSection(ExtensibilityGlobals) = postSolution
		SolutionGuid = {2B9BC0AB-85DF-4069-9D00-423FD11EDDC7}
	EndGlobalSection
EndGlobal
