
Microsoft Visual Studio Solution File, Format Version 12.00
# Visual Studio Version 16
VisualStudioVersion = 16.0.31911.196
MinimumVisualStudioVersion = 10.0.40219.1
Project("{9A19103F-16F7-4668-BE54-9A1E7A4F7556}") = "Lab4Exponents", "Lab4Exponents\Lab4Exponents.csproj", "{1BF839B2-5BC1-437B-AED0-1DCEE068371D}"
EndProject
Project("{FAE04EC0-301F-11D3-BF4B-00C04F79EFBC}") = "Lab5FactorialCalculator", "Lab5FactorialCalculator\Lab5FactorialCalculator.csproj", "{842217DF-268B-4951-A9BC-EAFC0D4376F2}"
EndProject
Global
	GlobalSection(SolutionConfigurationPlatforms) = preSolution
		Debug|Any CPU = Debug|Any CPU
		Release|Any CPU = Release|Any CPU
	EndGlobalSection
	GlobalSection(ProjectConfigurationPlatforms) = postSolution
		{1BF839B2-5BC1-437B-AED0-1DCEE068371D}.Debug|Any CPU.ActiveCfg = Debug|Any CPU
		{1BF839B2-5BC1-437B-AED0-1DCEE068371D}.Debug|Any CPU.Build.0 = Debug|Any CPU
		{1BF839B2-5BC1-437B-AED0-1DCEE068371D}.Release|Any CPU.ActiveCfg = Release|Any CPU
		{1BF839B2-5BC1-437B-AED0-1DCEE068371D}.Release|Any CPU.Build.0 = Release|Any CPU
		{842217DF-268B-4951-A9BC-EAFC0D4376F2}.Debug|Any CPU.ActiveCfg = Debug|Any CPU
		{842217DF-268B-4951-A9BC-EAFC0D4376F2}.Debug|Any CPU.Build.0 = Debug|Any CPU
		{842217DF-268B-4951-A9BC-EAFC0D4376F2}.Release|Any CPU.ActiveCfg = Release|Any CPU
		{842217DF-268B-4951-A9BC-EAFC0D4376F2}.Release|Any CPU.Build.0 = Release|Any CPU
	EndGlobalSection
	GlobalSection(SolutionProperties) = preSolution
		HideSolutionNode = FALSE
	EndGlobalSection
	GlobalSection(ExtensibilityGlobals) = postSolution
		SolutionGuid = {2B9BC0AB-85DF-4069-9D00-423FD11EDDC7}
	EndGlobalSection
EndGlobal
